
Microsoft Visual Studio Solution File, Format Version 12.00
# Visual Studio Version 16
VisualStudioVersion = 16.0.30413.136
MinimumVisualStudioVersion = 10.0.40219.1
Project("{FAE04EC0-301F-11D3-BF4B-00C04F79EFBC}") = "ArrayReverse", "ArrayReverse.csproj", "{EDAC55DA-490D-4761-9163-6B5BB02F89B8}"
EndProject
Global
	GlobalSection(SolutionConfigurationPlatforms) = preSolution
		Debug|Any CPU = Debug|Any CPU
		Release|Any CPU = Release|Any CPU
	EndGlobalSection
	GlobalSection(ProjectConfigurationPlatforms) = postSolution
		{EDAC55DA-490D-4761-9163-6B5BB02F89B8}.Debug|Any CPU.ActiveCfg = Debug|Any CPU
		{EDAC55DA-490D-4761-9163-6B5BB02F89B8}.Debug|Any CPU.Build.0 = Debug|Any CPU
		{EDAC55DA-490D-4761-9163-6B5BB02F89B8}.Release|Any CPU.ActiveCfg = Release|Any CPU
		{EDAC55DA-490D-4761-9163-6B5BB02F89B8}.Release|Any CPU.Build.0 = Release|Any CPU
	EndGlobalSection
	GlobalSection(SolutionProperties) = preSolution
		HideSolutionNode = FALSE
	EndGlobalSection
	GlobalSection(ExtensibilityGlobals) = postSolution
		SolutionGuid = {B5D18572-FB25-4DC6-A8F1-A43F19F5BE26}
	EndGlobalSection
EndGlobal
